
Microsoft Visual Studio Solution File, Format Version 12.00
# Visual Studio Version 17
VisualStudioVersion = 17.5.002.0
MinimumVisualStudioVersion = 10.0.40219.1
Project("{9A19103F-16F7-4668-BE54-9A1E7A4F7556}") = "coursework", "coursework.csproj", "{0BDC5E29-C252-4730-8DAA-1CA961D47E4A}"
EndProject
Global
	GlobalSection(SolutionConfigurationPlatforms) = preSolution
		Debug|Any CPU = Debug|Any CPU
		Release|Any CPU = Release|Any CPU
	EndGlobalSection
	GlobalSection(ProjectConfigurationPlatforms) = postSolution
		{0BDC5E29-C252-4730-8DAA-1CA961D47E4A}.Debug|Any CPU.ActiveCfg = Debug|Any CPU
		{0BDC5E29-C252-4730-8DAA-1CA961D47E4A}.Debug|Any CPU.Build.0 = Debug|Any CPU
		{0BDC5E29-C252-4730-8DAA-1CA961D47E4A}.Release|Any CPU.ActiveCfg = Release|Any CPU
		{0BDC5E29-C252-4730-8DAA-1CA961D47E4A}.Release|Any CPU.Build.0 = Release|Any CPU
	EndGlobalSection
	GlobalSection(SolutionProperties) = preSolution
		HideSolutionNode = FALSE
	EndGlobalSection
	GlobalSection(ExtensibilityGlobals) = postSolution
		SolutionGuid = {CE0F4699-A16D-40F4-A37A-0DAAFF4B2AB1}
	EndGlobalSection
EndGlobal
